// !$*UTF8*$!
{
	archiveVersion = 1;
	classes = {
	};
	objectVersion = 56;
	objects = {

/* Begin PBXBuildFile section */
		7114C6162907D70700655CA3 /* OnboardingCollectionViewCell.swift in Sources */ = {isa = PBXBuildFile; fileRef = 7114C6142907D70700655CA3 /* OnboardingCollectionViewCell.swift */; };
		7114C6172907D70700655CA3 /* OnboardingCollectionViewCell.xib in Resources */ = {isa = PBXBuildFile; fileRef = 7114C6152907D70700655CA3 /* OnboardingCollectionViewCell.xib */; };
		715B300D29094B3D0042E270 /* SignUpViewController.swift in Sources */ = {isa = PBXBuildFile; fileRef = 715B300C29094B3D0042E270 /* SignUpViewController.swift */; };
		715B300F29094C8E0042E270 /* SignUpViewModel.swift in Sources */ = {isa = PBXBuildFile; fileRef = 715B300E29094C8E0042E270 /* SignUpViewModel.swift */; };
		718031082906E75600C163F9 /* AppDelegate.swift in Sources */ = {isa = PBXBuildFile; fileRef = 718031072906E75600C163F9 /* AppDelegate.swift */; };
		7180310A2906E75600C163F9 /* SceneDelegate.swift in Sources */ = {isa = PBXBuildFile; fileRef = 718031092906E75600C163F9 /* SceneDelegate.swift */; };
		7180310F2906E75600C163F9 /* Main.storyboard in Resources */ = {isa = PBXBuildFile; fileRef = 7180310D2906E75600C163F9 /* Main.storyboard */; };
		718031112906E75700C163F9 /* Assets.xcassets in Resources */ = {isa = PBXBuildFile; fileRef = 718031102906E75700C163F9 /* Assets.xcassets */; };
		718031142906E75700C163F9 /* LaunchScreen.storyboard in Resources */ = {isa = PBXBuildFile; fileRef = 718031122906E75700C163F9 /* LaunchScreen.storyboard */; };
		7180313D29072C2D00C163F9 /* FirstOnboardingViewController.swift in Sources */ = {isa = PBXBuildFile; fileRef = 7180313B29072C2D00C163F9 /* FirstOnboardingViewController.swift */; };
		7180313E29072C2D00C163F9 /* FirstOnboardingViewController.xib in Resources */ = {isa = PBXBuildFile; fileRef = 7180313C29072C2D00C163F9 /* FirstOnboardingViewController.xib */; };
		7180314029072FFD00C163F9 /* onboardingVideo.mp4 in Resources */ = {isa = PBXBuildFile; fileRef = 7180313F29072FFD00C163F9 /* onboardingVideo.mp4 */; };
		7180314B290735D100C163F9 /* Extensions.swift in Sources */ = {isa = PBXBuildFile; fileRef = 7180314A290735D100C163F9 /* Extensions.swift */; };
		7186D82729088F3400EDA60B /* InputContainerView.swift in Sources */ = {isa = PBXBuildFile; fileRef = 7186D82629088F3400EDA60B /* InputContainerView.swift */; };
		7186D82929088F5600EDA60B /* CustomTextField.swift in Sources */ = {isa = PBXBuildFile; fileRef = 7186D82829088F5600EDA60B /* CustomTextField.swift */; };
		7186D82B29088FBD00EDA60B /* LoginViewModel.swift in Sources */ = {isa = PBXBuildFile; fileRef = 7186D82A29088FBD00EDA60B /* LoginViewModel.swift */; };
		71B12E7B2907F8B300C7D9F8 /* OnboardingItem.swift in Sources */ = {isa = PBXBuildFile; fileRef = 71B12E7A2907F8B300C7D9F8 /* OnboardingItem.swift */; };
		71B12E7E290835E300C7D9F8 /* LoginViewController.swift in Sources */ = {isa = PBXBuildFile; fileRef = 71B12E7D290835E300C7D9F8 /* LoginViewController.swift */; };
		71B12E8129083F6A00C7D9F8 /* LoadingViewController.swift in Sources */ = {isa = PBXBuildFile; fileRef = 71B12E8029083F6A00C7D9F8 /* LoadingViewController.swift */; };
		71E8DC302907CA9500839C03 /* OnboardingViewController.swift in Sources */ = {isa = PBXBuildFile; fileRef = 71E8DC2E2907CA9500839C03 /* OnboardingViewController.swift */; };
		71E8DC312907CA9500839C03 /* OnboardingViewController.xib in Resources */ = {isa = PBXBuildFile; fileRef = 71E8DC2F2907CA9500839C03 /* OnboardingViewController.xib */; };
/* End PBXBuildFile section */

/* Begin PBXFileReference section */
		7114C6142907D70700655CA3 /* OnboardingCollectionViewCell.swift */ = {isa = PBXFileReference; lastKnownFileType = sourcecode.swift; path = OnboardingCollectionViewCell.swift; sourceTree = "<group>"; };
		7114C6152907D70700655CA3 /* OnboardingCollectionViewCell.xib */ = {isa = PBXFileReference; lastKnownFileType = file.xib; path = OnboardingCollectionViewCell.xib; sourceTree = "<group>"; };
		715B300C29094B3D0042E270 /* SignUpViewController.swift */ = {isa = PBXFileReference; lastKnownFileType = sourcecode.swift; path = SignUpViewController.swift; sourceTree = "<group>"; };
		715B300E29094C8E0042E270 /* SignUpViewModel.swift */ = {isa = PBXFileReference; lastKnownFileType = sourcecode.swift; path = SignUpViewModel.swift; sourceTree = "<group>"; };
		718031042906E75600C163F9 /* SHOPPING-APP.app */ = {isa = PBXFileReference; explicitFileType = wrapper.application; includeInIndex = 0; path = "SHOPPING-APP.app"; sourceTree = BUILT_PRODUCTS_DIR; };
		718031072906E75600C163F9 /* AppDelegate.swift */ = {isa = PBXFileReference; lastKnownFileType = sourcecode.swift; path = AppDelegate.swift; sourceTree = "<group>"; };
		718031092906E75600C163F9 /* SceneDelegate.swift */ = {isa = PBXFileReference; lastKnownFileType = sourcecode.swift; path = SceneDelegate.swift; sourceTree = "<group>"; };
		7180310E2906E75600C163F9 /* Base */ = {isa = PBXFileReference; lastKnownFileType = file.storyboard; name = Base; path = Base.lproj/Main.storyboard; sourceTree = "<group>"; };
		718031102906E75700C163F9 /* Assets.xcassets */ = {isa = PBXFileReference; lastKnownFileType = folder.assetcatalog; path = Assets.xcassets; sourceTree = "<group>"; };
		718031132906E75700C163F9 /* Base */ = {isa = PBXFileReference; lastKnownFileType = file.storyboard; name = Base; path = Base.lproj/LaunchScreen.storyboard; sourceTree = "<group>"; };
		718031152906E75700C163F9 /* Info.plist */ = {isa = PBXFileReference; lastKnownFileType = text.plist.xml; path = Info.plist; sourceTree = "<group>"; };
		7180313B29072C2D00C163F9 /* FirstOnboardingViewController.swift */ = {isa = PBXFileReference; lastKnownFileType = sourcecode.swift; path = FirstOnboardingViewController.swift; sourceTree = "<group>"; };
		7180313C29072C2D00C163F9 /* FirstOnboardingViewController.xib */ = {isa = PBXFileReference; lastKnownFileType = file.xib; path = FirstOnboardingViewController.xib; sourceTree = "<group>"; };
		7180313F29072FFD00C163F9 /* onboardingVideo.mp4 */ = {isa = PBXFileReference; lastKnownFileType = file; path = onboardingVideo.mp4; sourceTree = "<group>"; };
		7180314A290735D100C163F9 /* Extensions.swift */ = {isa = PBXFileReference; fileEncoding = 4; lastKnownFileType = sourcecode.swift; path = Extensions.swift; sourceTree = "<group>"; };
		7186D82629088F3400EDA60B /* InputContainerView.swift */ = {isa = PBXFileReference; lastKnownFileType = sourcecode.swift; path = InputContainerView.swift; sourceTree = "<group>"; };
		7186D82829088F5600EDA60B /* CustomTextField.swift */ = {isa = PBXFileReference; lastKnownFileType = sourcecode.swift; path = CustomTextField.swift; sourceTree = "<group>"; };
		7186D82A29088FBD00EDA60B /* LoginViewModel.swift */ = {isa = PBXFileReference; lastKnownFileType = sourcecode.swift; path = LoginViewModel.swift; sourceTree = "<group>"; };
		71B12E7A2907F8B300C7D9F8 /* OnboardingItem.swift */ = {isa = PBXFileReference; lastKnownFileType = sourcecode.swift; path = OnboardingItem.swift; sourceTree = "<group>"; };
		71B12E7D290835E300C7D9F8 /* LoginViewController.swift */ = {isa = PBXFileReference; lastKnownFileType = sourcecode.swift; path = LoginViewController.swift; sourceTree = "<group>"; };
		71B12E8029083F6A00C7D9F8 /* LoadingViewController.swift */ = {isa = PBXFileReference; lastKnownFileType = sourcecode.swift; path = LoadingViewController.swift; sourceTree = "<group>"; };
		71E8DC2E2907CA9500839C03 /* OnboardingViewController.swift */ = {isa = PBXFileReference; lastKnownFileType = sourcecode.swift; path = OnboardingViewController.swift; sourceTree = "<group>"; };
		71E8DC2F2907CA9500839C03 /* OnboardingViewController.xib */ = {isa = PBXFileReference; lastKnownFileType = file.xib; path = OnboardingViewController.xib; sourceTree = "<group>"; };
/* End PBXFileReference section */

/* Begin PBXFrameworksBuildPhase section */
		718031012906E75600C163F9 /* Frameworks */ = {
			isa = PBXFrameworksBuildPhase;
			buildActionMask = 2147483647;
			files = (
			);
			runOnlyForDeploymentPostprocessing = 0;
		};
/* End PBXFrameworksBuildPhase section */

/* Begin PBXGroup section */
		7114C6132907D6E900655CA3 /* Controller */ = {
			isa = PBXGroup;
			children = (
				71E8DC2E2907CA9500839C03 /* OnboardingViewController.swift */,
				71E8DC2F2907CA9500839C03 /* OnboardingViewController.xib */,
				71B12E8029083F6A00C7D9F8 /* LoadingViewController.swift */,
			);
			path = Controller;
			sourceTree = "<group>";
		};
		715B300B29094AFC0042E270 /* SignUpScreen */ = {
			isa = PBXGroup;
			children = (
				715B300C29094B3D0042E270 /* SignUpViewController.swift */,
				715B300E29094C8E0042E270 /* SignUpViewModel.swift */,
			);
			path = SignUpScreen;
			sourceTree = "<group>";
		};
		718030FB2906E75600C163F9 = {
			isa = PBXGroup;
			children = (
				718031062906E75600C163F9 /* SHOPPING-APP */,
				718031052906E75600C163F9 /* Products */,
			);
			sourceTree = "<group>";
		};
		718031052906E75600C163F9 /* Products */ = {
			isa = PBXGroup;
			children = (
				718031042906E75600C163F9 /* SHOPPING-APP.app */,
			);
			name = Products;
			sourceTree = "<group>";
		};
		718031062906E75600C163F9 /* SHOPPING-APP */ = {
			isa = PBXGroup;
			children = (
				7180311C2906EA6500C163F9 /* Core */,
				7180311B2906EA6200C163F9 /* Screens */,
			);
			path = "SHOPPING-APP";
			sourceTree = "<group>";
		};
		7180311B2906EA6200C163F9 /* Screens */ = {
			isa = PBXGroup;
			children = (
				718031212906EAED00C163F9 /* OnboardingScreens */,
				71B12E7C290835B400C7D9F8 /* LoginScreen */,
				715B300B29094AFC0042E270 /* SignUpScreen */,
			);
			path = Screens;
			sourceTree = "<group>";
		};
		7180311C2906EA6500C163F9 /* Core */ = {
			isa = PBXGroup;
			children = (
				71803149290735C800C163F9 /* Extensions */,
				718031202906EAA500C163F9 /* Plists */,
				7180311F2906EA9800C163F9 /* Assets */,
				7180311E2906EA7B00C163F9 /* Storyboards */,
				7180311D2906EA7400C163F9 /* Delegates */,
			);
			path = Core;
			sourceTree = "<group>";
		};
		7180311D2906EA7400C163F9 /* Delegates */ = {
			isa = PBXGroup;
			children = (
				718031072906E75600C163F9 /* AppDelegate.swift */,
				718031092906E75600C163F9 /* SceneDelegate.swift */,
			);
			path = Delegates;
			sourceTree = "<group>";
		};
		7180311E2906EA7B00C163F9 /* Storyboards */ = {
			isa = PBXGroup;
			children = (
				7180310D2906E75600C163F9 /* Main.storyboard */,
				718031122906E75700C163F9 /* LaunchScreen.storyboard */,
			);
			path = Storyboards;
			sourceTree = "<group>";
		};
		7180311F2906EA9800C163F9 /* Assets */ = {
			isa = PBXGroup;
			children = (
				7180313F29072FFD00C163F9 /* onboardingVideo.mp4 */,
				718031102906E75700C163F9 /* Assets.xcassets */,
			);
			path = Assets;
			sourceTree = "<group>";
		};
		718031202906EAA500C163F9 /* Plists */ = {
			isa = PBXGroup;
			children = (
				718031152906E75700C163F9 /* Info.plist */,
			);
			path = Plists;
			sourceTree = "<group>";
		};
		718031212906EAED00C163F9 /* OnboardingScreens */ = {
			isa = PBXGroup;
			children = (
				7180312B2906F86D00C163F9 /* FirstOnboardingScreen */,
				71803143290733A300C163F9 /* SecondOnboardingScreen */,
			);
			path = OnboardingScreens;
			sourceTree = "<group>";
		};
		7180312B2906F86D00C163F9 /* FirstOnboardingScreen */ = {
			isa = PBXGroup;
			children = (
				7180313B29072C2D00C163F9 /* FirstOnboardingViewController.swift */,
				7180313C29072C2D00C163F9 /* FirstOnboardingViewController.xib */,
			);
			path = FirstOnboardingScreen;
			sourceTree = "<group>";
		};
		71803143290733A300C163F9 /* SecondOnboardingScreen */ = {
			isa = PBXGroup;
			children = (
				71B12E792907F89C00C7D9F8 /* Model */,
				71B12E7F29083DD100C7D9F8 /* Views */,
				7114C6132907D6E900655CA3 /* Controller */,
			);
			path = SecondOnboardingScreen;
			sourceTree = "<group>";
		};
		71803149290735C800C163F9 /* Extensions */ = {
			isa = PBXGroup;
			children = (
				7180314A290735D100C163F9 /* Extensions.swift */,
			);
			path = Extensions;
			sourceTree = "<group>";
		};
		71B12E792907F89C00C7D9F8 /* Model */ = {
			isa = PBXGroup;
			children = (
				71B12E7A2907F8B300C7D9F8 /* OnboardingItem.swift */,
			);
			path = Model;
			sourceTree = "<group>";
		};
		71B12E7C290835B400C7D9F8 /* LoginScreen */ = {
			isa = PBXGroup;
			children = (
				7186D82A29088FBD00EDA60B /* LoginViewModel.swift */,
				71B12E7D290835E300C7D9F8 /* LoginViewController.swift */,
				7186D82629088F3400EDA60B /* InputContainerView.swift */,
				7186D82829088F5600EDA60B /* CustomTextField.swift */,
			);
			path = LoginScreen;
			sourceTree = "<group>";
		};
		71B12E7F29083DD100C7D9F8 /* Views */ = {
			isa = PBXGroup;
			children = (
				7114C6142907D70700655CA3 /* OnboardingCollectionViewCell.swift */,
				7114C6152907D70700655CA3 /* OnboardingCollectionViewCell.xib */,
			);
			path = Views;
			sourceTree = "<group>";
		};
/* End PBXGroup section */

/* Begin PBXNativeTarget section */
		718031032906E75600C163F9 /* SHOPPING-APP */ = {
			isa = PBXNativeTarget;
			buildConfigurationList = 718031182906E75700C163F9 /* Build configuration list for PBXNativeTarget "SHOPPING-APP" */;
			buildPhases = (
				718031002906E75600C163F9 /* Sources */,
				718031012906E75600C163F9 /* Frameworks */,
				718031022906E75600C163F9 /* Resources */,
			);
			buildRules = (
			);
			dependencies = (
			);
			name = "SHOPPING-APP";
			packageProductDependencies = (
			);
			productName = "SHOPPING-APP";
			productReference = 718031042906E75600C163F9 /* SHOPPING-APP.app */;
			productType = "com.apple.product-type.application";
		};
/* End PBXNativeTarget section */

/* Begin PBXProject section */
		718030FC2906E75600C163F9 /* Project object */ = {
			isa = PBXProject;
			attributes = {
				BuildIndependentTargetsInParallel = 1;
				LastSwiftUpdateCheck = 1400;
				LastUpgradeCheck = 1400;
				TargetAttributes = {
					718031032906E75600C163F9 = {
						CreatedOnToolsVersion = 14.0;
					};
				};
			};
			buildConfigurationList = 718030FF2906E75600C163F9 /* Build configuration list for PBXProject "SHOPPING-APP" */;
			compatibilityVersion = "Xcode 14.0";
			developmentRegion = en;
			hasScannedForEncodings = 0;
			knownRegions = (
				en,
				Base,
			);
			mainGroup = 718030FB2906E75600C163F9;
			packageReferences = (
			);
			productRefGroup = 718031052906E75600C163F9 /* Products */;
			projectDirPath = "";
			projectRoot = "";
			targets = (
				718031032906E75600C163F9 /* SHOPPING-APP */,
			);
		};
/* End PBXProject section */

/* Begin PBXResourcesBuildPhase section */
		718031022906E75600C163F9 /* Resources */ = {
			isa = PBXResourcesBuildPhase;
			buildActionMask = 2147483647;
			files = (
				7180314029072FFD00C163F9 /* onboardingVideo.mp4 in Resources */,
				7180313E29072C2D00C163F9 /* FirstOnboardingViewController.xib in Resources */,
				718031142906E75700C163F9 /* LaunchScreen.storyboard in Resources */,
				718031112906E75700C163F9 /* Assets.xcassets in Resources */,
				7114C6172907D70700655CA3 /* OnboardingCollectionViewCell.xib in Resources */,
				7180310F2906E75600C163F9 /* Main.storyboard in Resources */,
				71E8DC312907CA9500839C03 /* OnboardingViewController.xib in Resources */,
			);
			runOnlyForDeploymentPostprocessing = 0;
		};
/* End PBXResourcesBuildPhase section */

/* Begin PBXSourcesBuildPhase section */
		718031002906E75600C163F9 /* Sources */ = {
			isa = PBXSourcesBuildPhase;
			buildActionMask = 2147483647;
			files = (
				715B300D29094B3D0042E270 /* SignUpViewController.swift in Sources */,
				71B12E7E290835E300C7D9F8 /* LoginViewController.swift in Sources */,
				7186D82929088F5600EDA60B /* CustomTextField.swift in Sources */,
				7180314B290735D100C163F9 /* Extensions.swift in Sources */,
				7180313D29072C2D00C163F9 /* FirstOnboardingViewController.swift in Sources */,
				71E8DC302907CA9500839C03 /* OnboardingViewController.swift in Sources */,
				715B300F29094C8E0042E270 /* SignUpViewModel.swift in Sources */,
				718031082906E75600C163F9 /* AppDelegate.swift in Sources */,
				71B12E8129083F6A00C7D9F8 /* LoadingViewController.swift in Sources */,
				71B12E7B2907F8B300C7D9F8 /* OnboardingItem.swift in Sources */,
				7186D82B29088FBD00EDA60B /* LoginViewModel.swift in Sources */,
				7180310A2906E75600C163F9 /* SceneDelegate.swift in Sources */,
				7114C6162907D70700655CA3 /* OnboardingCollectionViewCell.swift in Sources */,
				7186D82729088F3400EDA60B /* InputContainerView.swift in Sources */,
			);
			runOnlyForDeploymentPostprocessing = 0;
		};
/* End PBXSourcesBuildPhase section */

/* Begin PBXVariantGroup section */
		7180310D2906E75600C163F9 /* Main.storyboard */ = {
			isa = PBXVariantGroup;
			children = (
				7180310E2906E75600C163F9 /* Base */,
			);
			name = Main.storyboard;
			sourceTree = "<group>";
		};
		718031122906E75700C163F9 /* LaunchScreen.storyboard */ = {
			isa = PBXVariantGroup;
			children = (
				718031132906E75700C163F9 /* Base */,
			);
			name = LaunchScreen.storyboard;
			sourceTree = "<group>";
		};
/* End PBXVariantGroup section */

/* Begin XCBuildConfiguration section */
		718031162906E75700C163F9 /* Debug */ = {
			isa = XCBuildConfiguration;
			buildSettings = {
				ALWAYS_SEARCH_USER_PATHS = NO;
				CLANG_ANALYZER_NONNULL = YES;
				CLANG_ANALYZER_NUMBER_OBJECT_CONVERSION = YES_AGGRESSIVE;
				CLANG_CXX_LANGUAGE_STANDARD = "gnu++20";
				CLANG_ENABLE_MODULES = YES;
				CLANG_ENABLE_OBJC_ARC = YES;
				CLANG_ENABLE_OBJC_WEAK = YES;
				CLANG_WARN_BLOCK_CAPTURE_AUTORELEASING = YES;
				CLANG_WARN_BOOL_CONVERSION = YES;
				CLANG_WARN_COMMA = YES;
				CLANG_WARN_CONSTANT_CONVERSION = YES;
				CLANG_WARN_DEPRECATED_OBJC_IMPLEMENTATIONS = YES;
				CLANG_WARN_DIRECT_OBJC_ISA_USAGE = YES_ERROR;
				CLANG_WARN_DOCUMENTATION_COMMENTS = YES;
				CLANG_WARN_EMPTY_BODY = YES;
				CLANG_WARN_ENUM_CONVERSION = YES;
				CLANG_WARN_INFINITE_RECURSION = YES;
				CLANG_WARN_INT_CONVERSION = YES;
				CLANG_WARN_NON_LITERAL_NULL_CONVERSION = YES;
				CLANG_WARN_OBJC_IMPLICIT_RETAIN_SELF = YES;
				CLANG_WARN_OBJC_LITERAL_CONVERSION = YES;
				CLANG_WARN_OBJC_ROOT_CLASS = YES_ERROR;
				CLANG_WARN_QUOTED_INCLUDE_IN_FRAMEWORK_HEADER = YES;
				CLANG_WARN_RANGE_LOOP_ANALYSIS = YES;
				CLANG_WARN_STRICT_PROTOTYPES = YES;
				CLANG_WARN_SUSPICIOUS_MOVE = YES;
				CLANG_WARN_UNGUARDED_AVAILABILITY = YES_AGGRESSIVE;
				CLANG_WARN_UNREACHABLE_CODE = YES;
				CLANG_WARN__DUPLICATE_METHOD_MATCH = YES;
				COPY_PHASE_STRIP = NO;
				DEBUG_INFORMATION_FORMAT = dwarf;
				ENABLE_STRICT_OBJC_MSGSEND = YES;
				ENABLE_TESTABILITY = YES;
				GCC_C_LANGUAGE_STANDARD = gnu11;
				GCC_DYNAMIC_NO_PIC = NO;
				GCC_NO_COMMON_BLOCKS = YES;
				GCC_OPTIMIZATION_LEVEL = 0;
				GCC_PREPROCESSOR_DEFINITIONS = (
					"DEBUG=1",
					"$(inherited)",
				);
				GCC_WARN_64_TO_32_BIT_CONVERSION = YES;
				GCC_WARN_ABOUT_RETURN_TYPE = YES_ERROR;
				GCC_WARN_UNDECLARED_SELECTOR = YES;
				GCC_WARN_UNINITIALIZED_AUTOS = YES_AGGRESSIVE;
				GCC_WARN_UNUSED_FUNCTION = YES;
				GCC_WARN_UNUSED_VARIABLE = YES;
				IPHONEOS_DEPLOYMENT_TARGET = 16.0;
				MTL_ENABLE_DEBUG_INFO = INCLUDE_SOURCE;
				MTL_FAST_MATH = YES;
				ONLY_ACTIVE_ARCH = YES;
				SDKROOT = iphoneos;
				SWIFT_ACTIVE_COMPILATION_CONDITIONS = DEBUG;
				SWIFT_OPTIMIZATION_LEVEL = "-Onone";
			};
			name = Debug;
		};
		718031172906E75700C163F9 /* Release */ = {
			isa = XCBuildConfiguration;
			buildSettings = {
				ALWAYS_SEARCH_USER_PATHS = NO;
				CLANG_ANALYZER_NONNULL = YES;
				CLANG_ANALYZER_NUMBER_OBJECT_CONVERSION = YES_AGGRESSIVE;
				CLANG_CXX_LANGUAGE_STANDARD = "gnu++20";
				CLANG_ENABLE_MODULES = YES;
				CLANG_ENABLE_OBJC_ARC = YES;
				CLANG_ENABLE_OBJC_WEAK = YES;
				CLANG_WARN_BLOCK_CAPTURE_AUTORELEASING = YES;
				CLANG_WARN_BOOL_CONVERSION = YES;
				CLANG_WARN_COMMA = YES;
				CLANG_WARN_CONSTANT_CONVERSION = YES;
				CLANG_WARN_DEPRECATED_OBJC_IMPLEMENTATIONS = YES;
				CLANG_WARN_DIRECT_OBJC_ISA_USAGE = YES_ERROR;
				CLANG_WARN_DOCUMENTATION_COMMENTS = YES;
				CLANG_WARN_EMPTY_BODY = YES;
				CLANG_WARN_ENUM_CONVERSION = YES;
				CLANG_WARN_INFINITE_RECURSION = YES;
				CLANG_WARN_INT_CONVERSION = YES;
				CLANG_WARN_NON_LITERAL_NULL_CONVERSION = YES;
				CLANG_WARN_OBJC_IMPLICIT_RETAIN_SELF = YES;
				CLANG_WARN_OBJC_LITERAL_CONVERSION = YES;
				CLANG_WARN_OBJC_ROOT_CLASS = YES_ERROR;
				CLANG_WARN_QUOTED_INCLUDE_IN_FRAMEWORK_HEADER = YES;
				CLANG_WARN_RANGE_LOOP_ANALYSIS = YES;
				CLANG_WARN_STRICT_PROTOTYPES = YES;
				CLANG_WARN_SUSPICIOUS_MOVE = YES;
				CLANG_WARN_UNGUARDED_AVAILABILITY = YES_AGGRESSIVE;
				CLANG_WARN_UNREACHABLE_CODE = YES;
				CLANG_WARN__DUPLICATE_METHOD_MATCH = YES;
				COPY_PHASE_STRIP = NO;
				DEBUG_INFORMATION_FORMAT = "dwarf-with-dsym";
				ENABLE_NS_ASSERTIONS = NO;
				ENABLE_STRICT_OBJC_MSGSEND = YES;
				GCC_C_LANGUAGE_STANDARD = gnu11;
				GCC_NO_COMMON_BLOCKS = YES;
				GCC_WARN_64_TO_32_BIT_CONVERSION = YES;
				GCC_WARN_ABOUT_RETURN_TYPE = YES_ERROR;
				GCC_WARN_UNDECLARED_SELECTOR = YES;
				GCC_WARN_UNINITIALIZED_AUTOS = YES_AGGRESSIVE;
				GCC_WARN_UNUSED_FUNCTION = YES;
				GCC_WARN_UNUSED_VARIABLE = YES;
				IPHONEOS_DEPLOYMENT_TARGET = 16.0;
				MTL_ENABLE_DEBUG_INFO = NO;
				MTL_FAST_MATH = YES;
				SDKROOT = iphoneos;
				SWIFT_COMPILATION_MODE = wholemodule;
				SWIFT_OPTIMIZATION_LEVEL = "-O";
				VALIDATE_PRODUCT = YES;
			};
			name = Release;
		};
		718031192906E75700C163F9 /* Debug */ = {
			isa = XCBuildConfiguration;
			buildSettings = {
				ASSETCATALOG_COMPILER_APPICON_NAME = AppIcon;
				ASSETCATALOG_COMPILER_GLOBAL_ACCENT_COLOR_NAME = AccentColor;
				CODE_SIGN_STYLE = Automatic;
				CURRENT_PROJECT_VERSION = 1;
				DEVELOPMENT_TEAM = FAHJ57W2W9;
				GENERATE_INFOPLIST_FILE = YES;
				INFOPLIST_FILE = "SHOPPING-APP/Core/Plists/Info.plist";
				INFOPLIST_KEY_UIApplicationSupportsIndirectInputEvents = YES;
				INFOPLIST_KEY_UILaunchStoryboardName = LaunchScreen;
				INFOPLIST_KEY_UIMainStoryboardFile = Main;
				INFOPLIST_KEY_UISupportedInterfaceOrientations_iPad = "UIInterfaceOrientationPortrait UIInterfaceOrientationPortraitUpsideDown UIInterfaceOrientationLandscapeLeft UIInterfaceOrientationLandscapeRight";
				INFOPLIST_KEY_UISupportedInterfaceOrientations_iPhone = "UIInterfaceOrientationPortrait UIInterfaceOrientationLandscapeLeft UIInterfaceOrientationLandscapeRight";
				LD_RUNPATH_SEARCH_PATHS = (
					"$(inherited)",
					"@executable_path/Frameworks",
				);
				MARKETING_VERSION = 1.0;
				PRODUCT_BUNDLE_IDENTIFIER = "com.oguzhankin.SHOPPING-APP";
				PRODUCT_NAME = "$(TARGET_NAME)";
				SWIFT_EMIT_LOC_STRINGS = YES;
				SWIFT_VERSION = 5.0;
				TARGETED_DEVICE_FAMILY = "1,2";
			};
			name = Debug;
		};
		7180311A2906E75700C163F9 /* Release */ = {
			isa = XCBuildConfiguration;
			buildSettings = {
				ASSETCATALOG_COMPILER_APPICON_NAME = AppIcon;
				ASSETCATALOG_COMPILER_GLOBAL_ACCENT_COLOR_NAME = AccentColor;
				CODE_SIGN_STYLE = Automatic;
				CURRENT_PROJECT_VERSION = 1;
				DEVELOPMENT_TEAM = FAHJ57W2W9;
				GENERATE_INFOPLIST_FILE = YES;
				INFOPLIST_FILE = "SHOPPING-APP/Core/Plists/Info.plist";
				INFOPLIST_KEY_UIApplicationSupportsIndirectInputEvents = YES;
				INFOPLIST_KEY_UILaunchStoryboardName = LaunchScreen;
				INFOPLIST_KEY_UIMainStoryboardFile = Main;
				INFOPLIST_KEY_UISupportedInterfaceOrientations_iPad = "UIInterfaceOrientationPortrait UIInterfaceOrientationPortraitUpsideDown UIInterfaceOrientationLandscapeLeft UIInterfaceOrientationLandscapeRight";
				INFOPLIST_KEY_UISupportedInterfaceOrientations_iPhone = "UIInterfaceOrientationPortrait UIInterfaceOrientationLandscapeLeft UIInterfaceOrientationLandscapeRight";
				LD_RUNPATH_SEARCH_PATHS = (
					"$(inherited)",
					"@executable_path/Frameworks",
				);
				MARKETING_VERSION = 1.0;
				PRODUCT_BUNDLE_IDENTIFIER = "com.oguzhankin.SHOPPING-APP";
				PRODUCT_NAME = "$(TARGET_NAME)";
				SWIFT_EMIT_LOC_STRINGS = YES;
				SWIFT_VERSION = 5.0;
				TARGETED_DEVICE_FAMILY = "1,2";
			};
			name = Release;
		};
/* End XCBuildConfiguration section */

/* Begin XCConfigurationList section */
		718030FF2906E75600C163F9 /* Build configuration list for PBXProject "SHOPPING-APP" */ = {
			isa = XCConfigurationList;
			buildConfigurations = (
				718031162906E75700C163F9 /* Debug */,
				718031172906E75700C163F9 /* Release */,
			);
			defaultConfigurationIsVisible = 0;
			defaultConfigurationName = Release;
		};
		718031182906E75700C163F9 /* Build configuration list for PBXNativeTarget "SHOPPING-APP" */ = {
			isa = XCConfigurationList;
			buildConfigurations = (
				718031192906E75700C163F9 /* Debug */,
				7180311A2906E75700C163F9 /* Release */,
			);
			defaultConfigurationIsVisible = 0;
			defaultConfigurationName = Release;
		};
/* End XCConfigurationList section */
	};
	rootObject = 718030FC2906E75600C163F9 /* Project object */;
}
